
Microsoft Visual Studio Solution File, Format Version 12.00
# Visual Studio 2013
VisualStudioVersion = 12.0.31101.0
MinimumVisualStudioVersion = 10.0.40219.1
Project("{FAE04EC0-301F-11D3-BF4B-00C04F79EFBC}") = "DigitalThermometer.Hardware", "DigitalThermometer.Hardware\DigitalThermometer.Hardware.csproj", "{BC78E3B0-95B7-47D5-9BDA-CA1570BC199C}"
EndProject
Project("{FAE04EC0-301F-11D3-BF4B-00C04F79EFBC}") = "DigitalThermometer.UnitTests", "DigitalThermometer.UnitTests\DigitalThermometer.UnitTests.csproj", "{1B90EF2A-2D9B-47AE-A843-FE270FD28D08}"
EndProject
Project("{FAE04EC0-301F-11D3-BF4B-00C04F79EFBC}") = "DigitalThermometer.App", "DigitalThermometer.App\DigitalThermometer.App.csproj", "{07195702-B4F0-4BC7-B9EA-96F59008D7D8}"
EndProject
Global
	GlobalSection(SolutionConfigurationPlatforms) = preSolution
		Debug|Any CPU = Debug|Any CPU
		Release|Any CPU = Release|Any CPU
	EndGlobalSection
	GlobalSection(ProjectConfigurationPlatforms) = postSolution
		{BC78E3B0-95B7-47D5-9BDA-CA1570BC199C}.Debug|Any CPU.ActiveCfg = Debug|Any CPU
		{BC78E3B0-95B7-47D5-9BDA-CA1570BC199C}.Debug|Any CPU.Build.0 = Debug|Any CPU
		{BC78E3B0-95B7-47D5-9BDA-CA1570BC199C}.Release|Any CPU.ActiveCfg = Release|Any CPU
		{BC78E3B0-95B7-47D5-9BDA-CA1570BC199C}.Release|Any CPU.Build.0 = Release|Any CPU
		{1B90EF2A-2D9B-47AE-A843-FE270FD28D08}.Debug|Any CPU.ActiveCfg = Debug|Any CPU
		{1B90EF2A-2D9B-47AE-A843-FE270FD28D08}.Debug|Any CPU.Build.0 = Debug|Any CPU
		{1B90EF2A-2D9B-47AE-A843-FE270FD28D08}.Release|Any CPU.ActiveCfg = Release|Any CPU
		{1B90EF2A-2D9B-47AE-A843-FE270FD28D08}.Release|Any CPU.Build.0 = Release|Any CPU
		{07195702-B4F0-4BC7-B9EA-96F59008D7D8}.Debug|Any CPU.ActiveCfg = Debug|Any CPU
		{07195702-B4F0-4BC7-B9EA-96F59008D7D8}.Debug|Any CPU.Build.0 = Debug|Any CPU
		{07195702-B4F0-4BC7-B9EA-96F59008D7D8}.Release|Any CPU.ActiveCfg = Release|Any CPU
		{07195702-B4F0-4BC7-B9EA-96F59008D7D8}.Release|Any CPU.Build.0 = Release|Any CPU
	EndGlobalSection
	GlobalSection(SolutionProperties) = preSolution
		HideSolutionNode = FALSE
	EndGlobalSection
EndGlobal
