
Microsoft Visual Studio Solution File, Format Version 12.00
# Visual Studio Version 17
VisualStudioVersion = 17.1.32210.238
MinimumVisualStudioVersion = 10.0.40219.1
Project("{9A19103F-16F7-4668-BE54-9A1E7A4F7556}") = "DigitalThermometer.OneWire", "DigitalThermometer.OneWire\DigitalThermometer.OneWire.csproj", "{A08490C1-0CFE-42AD-95A5-03910E18AE37}"
EndProject
Project("{9A19103F-16F7-4668-BE54-9A1E7A4F7556}") = "DigitalThermometer.ConsoleApp", "DigitalThermometer.ConsoleApp\DigitalThermometer.ConsoleApp.csproj", "{F14C001D-403C-4F6D-B13D-B3EC27CE6BB9}"
EndProject
Project("{2150E333-8FDC-42A3-9474-1A3956D46DE8}") = "Docs", "Docs", "{39CD16B7-1C35-4320-99D5-AC86A3524140}"
	ProjectSection(SolutionItems) = preProject
		..\Docs\DigitalThermometerAvaloniaAppRPi.png = ..\Docs\DigitalThermometerAvaloniaAppRPi.png
		..\Docs\DigitalThermometerConsoleRPi.png = ..\Docs\DigitalThermometerConsoleRPi.png
		..\Docs\DigitalThermometerScreenshot.png = ..\Docs\DigitalThermometerScreenshot.png
		..\README.md = ..\README.md
	EndProjectSection
EndProject
Project("{9A19103F-16F7-4668-BE54-9A1E7A4F7556}") = "DigitalThermometer.AvaloniaApp", "DigitalThermometer.AvaloniaApp\DigitalThermometer.AvaloniaApp.csproj", "{F24D959C-FF4A-448C-8784-788184780EED}"
EndProject
Global
	GlobalSection(SolutionConfigurationPlatforms) = preSolution
		Debug|Any CPU = Debug|Any CPU
		Release|Any CPU = Release|Any CPU
	EndGlobalSection
	GlobalSection(ProjectConfigurationPlatforms) = postSolution
		{A08490C1-0CFE-42AD-95A5-03910E18AE37}.Debug|Any CPU.ActiveCfg = Debug|Any CPU
		{A08490C1-0CFE-42AD-95A5-03910E18AE37}.Debug|Any CPU.Build.0 = Debug|Any CPU
		{A08490C1-0CFE-42AD-95A5-03910E18AE37}.Release|Any CPU.ActiveCfg = Release|Any CPU
		{A08490C1-0CFE-42AD-95A5-03910E18AE37}.Release|Any CPU.Build.0 = Release|Any CPU
		{F14C001D-403C-4F6D-B13D-B3EC27CE6BB9}.Debug|Any CPU.ActiveCfg = Debug|Any CPU
		{F14C001D-403C-4F6D-B13D-B3EC27CE6BB9}.Debug|Any CPU.Build.0 = Debug|Any CPU
		{F14C001D-403C-4F6D-B13D-B3EC27CE6BB9}.Release|Any CPU.ActiveCfg = Release|Any CPU
		{F14C001D-403C-4F6D-B13D-B3EC27CE6BB9}.Release|Any CPU.Build.0 = Release|Any CPU
		{F24D959C-FF4A-448C-8784-788184780EED}.Debug|Any CPU.ActiveCfg = Debug|Any CPU
		{F24D959C-FF4A-448C-8784-788184780EED}.Debug|Any CPU.Build.0 = Debug|Any CPU
		{F24D959C-FF4A-448C-8784-788184780EED}.Release|Any CPU.ActiveCfg = Release|Any CPU
		{F24D959C-FF4A-448C-8784-788184780EED}.Release|Any CPU.Build.0 = Release|Any CPU
	EndGlobalSection
	GlobalSection(SolutionProperties) = preSolution
		HideSolutionNode = FALSE
	EndGlobalSection
	GlobalSection(ExtensibilityGlobals) = postSolution
		SolutionGuid = {46C01886-0A27-421C-9B01-A7CF1890B047}
	EndGlobalSection
EndGlobal
