
Microsoft Visual Studio Solution File, Format Version 12.00
# Visual Studio 15
VisualStudioVersion = 15.0.28306.52
MinimumVisualStudioVersion = 10.0.40219.1
Project("{FAE04EC0-301F-11D3-BF4B-00C04F79EFBC}") = "DigitalThermometer.UnitTests", "DigitalThermometer.UnitTests\DigitalThermometer.UnitTests.csproj", "{1B90EF2A-2D9B-47AE-A843-FE270FD28D08}"
EndProject
Project("{FAE04EC0-301F-11D3-BF4B-00C04F79EFBC}") = "DigitalThermometer.App", "DigitalThermometer.App\DigitalThermometer.App.csproj", "{07195702-B4F0-4BC7-B9EA-96F59008D7D8}"
EndProject
Project("{FAE04EC0-301F-11D3-BF4B-00C04F79EFBC}") = "DigitalThermometer.OneWire", "DigitalThermometer.OneWire\DigitalThermometer.OneWire.csproj", "{A08490C1-0CFE-42AD-95A5-03910E18AE37}"
EndProject
Project("{FAE04EC0-301F-11D3-BF4B-00C04F79EFBC}") = "DigitalThermometer.ConsoleApp", "DigitalThermometer.ConsoleApp\DigitalThermometer.ConsoleApp.csproj", "{F14C001D-403C-4F6D-B13D-B3EC27CE6BB9}"
EndProject
Global
	GlobalSection(SolutionConfigurationPlatforms) = preSolution
		Debug|Any CPU = Debug|Any CPU
		Release|Any CPU = Release|Any CPU
	EndGlobalSection
	GlobalSection(ProjectConfigurationPlatforms) = postSolution
		{1B90EF2A-2D9B-47AE-A843-FE270FD28D08}.Debug|Any CPU.ActiveCfg = Debug|Any CPU
		{1B90EF2A-2D9B-47AE-A843-FE270FD28D08}.Debug|Any CPU.Build.0 = Debug|Any CPU
		{1B90EF2A-2D9B-47AE-A843-FE270FD28D08}.Release|Any CPU.ActiveCfg = Release|Any CPU
		{1B90EF2A-2D9B-47AE-A843-FE270FD28D08}.Release|Any CPU.Build.0 = Release|Any CPU
		{07195702-B4F0-4BC7-B9EA-96F59008D7D8}.Debug|Any CPU.ActiveCfg = Debug|Any CPU
		{07195702-B4F0-4BC7-B9EA-96F59008D7D8}.Debug|Any CPU.Build.0 = Debug|Any CPU
		{07195702-B4F0-4BC7-B9EA-96F59008D7D8}.Release|Any CPU.ActiveCfg = Release|Any CPU
		{07195702-B4F0-4BC7-B9EA-96F59008D7D8}.Release|Any CPU.Build.0 = Release|Any CPU
		{A08490C1-0CFE-42AD-95A5-03910E18AE37}.Debug|Any CPU.ActiveCfg = Debug|Any CPU
		{A08490C1-0CFE-42AD-95A5-03910E18AE37}.Debug|Any CPU.Build.0 = Debug|Any CPU
		{A08490C1-0CFE-42AD-95A5-03910E18AE37}.Release|Any CPU.ActiveCfg = Release|Any CPU
		{A08490C1-0CFE-42AD-95A5-03910E18AE37}.Release|Any CPU.Build.0 = Release|Any CPU
		{F14C001D-403C-4F6D-B13D-B3EC27CE6BB9}.Debug|Any CPU.ActiveCfg = Debug|Any CPU
		{F14C001D-403C-4F6D-B13D-B3EC27CE6BB9}.Debug|Any CPU.Build.0 = Debug|Any CPU
		{F14C001D-403C-4F6D-B13D-B3EC27CE6BB9}.Release|Any CPU.ActiveCfg = Release|Any CPU
		{F14C001D-403C-4F6D-B13D-B3EC27CE6BB9}.Release|Any CPU.Build.0 = Release|Any CPU
	EndGlobalSection
	GlobalSection(SolutionProperties) = preSolution
		HideSolutionNode = FALSE
	EndGlobalSection
	GlobalSection(ExtensibilityGlobals) = postSolution
		SolutionGuid = {46C01886-0A27-421C-9B01-A7CF1890B047}
	EndGlobalSection
EndGlobal
